{
  "name": "flight-booking",
  "version": "1.0.0",
  "lockfileVersion": 3,
  "requires": true,
  "packages": {
    "": {
      "name": "flight-booking",
      "version": "1.0.0",
      "license": "ISC",
      "dependencies": {
        "@hexlet/python-flight-booking-frontend": "^1.0.1"
      }
    },
    "node_modules/@hexlet/python-flight-booking-frontend": {
      "version": "1.0.1",
      "resolved": "https://registry.npmjs.org/@hexlet/python-flight-booking-frontend/-/python-flight-booking-frontend-1.0.1.tgz",
      "integrity": "sha512-ddEzO9CODAdJx9H5CNCCXunv0gTgSbGH1n/mtDiPE9Y17rHmyIkRGOyPXsYkM805wYjDe0Xx4pjpBBqSwmuB9w==",
      "license": "MIT"
    }
  }
}
